
Microsoft Visual Studio Solution File, Format Version 12.00
# Visual Studio Version 16
VisualStudioVersion = 16.0.29613.14
MinimumVisualStudioVersion = 10.0.40219.1
Project("{FAE04EC0-301F-11D3-BF4B-00C04F79EFBC}") = "QR App", "QR App\QR App.csproj", "{4691754F-7109-488B-9353-F63FB74F24AA}"
EndProject
Project("{54435603-DBB4-11D2-8724-00A0C9A8B90C}") = "Setup", "Setup\Setup.vdproj", "{08654724-0E62-42D5-A342-26A2ECFE6ABC}"
EndProject
Global
	GlobalSection(SolutionConfigurationPlatforms) = preSolution
		Debug|Any CPU = Debug|Any CPU
		Release|Any CPU = Release|Any CPU
	EndGlobalSection
	GlobalSection(ProjectConfigurationPlatforms) = postSolution
		{4691754F-7109-488B-9353-F63FB74F24AA}.Debug|Any CPU.ActiveCfg = Debug|Any CPU
		{4691754F-7109-488B-9353-F63FB74F24AA}.Debug|Any CPU.Build.0 = Debug|Any CPU
		{4691754F-7109-488B-9353-F63FB74F24AA}.Release|Any CPU.ActiveCfg = Release|Any CPU
		{4691754F-7109-488B-9353-F63FB74F24AA}.Release|Any CPU.Build.0 = Release|Any CPU
		{08654724-0E62-42D5-A342-26A2ECFE6ABC}.Debug|Any CPU.ActiveCfg = Debug
		{08654724-0E62-42D5-A342-26A2ECFE6ABC}.Release|Any CPU.ActiveCfg = Release
	EndGlobalSection
	GlobalSection(SolutionProperties) = preSolution
		HideSolutionNode = FALSE
	EndGlobalSection
	GlobalSection(ExtensibilityGlobals) = postSolution
		SolutionGuid = {70FAB7F2-9749-45FE-9AFE-D282FDF83E28}
	EndGlobalSection
EndGlobal
